// !$*UTF8*$!
{
	archiveVersion = 1;
	classes = {
	};
	objectVersion = 50;
	objects = {

/* Begin PBXBuildFile section */
		380DD31D219671BF000F5895 /* main.cpp in Sources */ = {isa = PBXBuildFile; fileRef = 380DD31C219671BF000F5895 /* main.cpp */; };
		380DD3282196751A000F5895 /* label_manager.cpp in Sources */ = {isa = PBXBuildFile; fileRef = 380DD3262196751A000F5895 /* label_manager.cpp */; };
		380DD32B21967901000F5895 /* k_nearest.cpp in Sources */ = {isa = PBXBuildFile; fileRef = 380DD32921967901000F5895 /* k_nearest.cpp */; };
		380DD32E219680B9000F5895 /* file_manipulator.cpp in Sources */ = {isa = PBXBuildFile; fileRef = 380DD32C219680B9000F5895 /* file_manipulator.cpp */; };
		380DD3312196847A000F5895 /* average_calculator.cpp in Sources */ = {isa = PBXBuildFile; fileRef = 380DD32F2196847A000F5895 /* average_calculator.cpp */; };
		380DD3342196858C000F5895 /* image_to_vector_converter.cpp in Sources */ = {isa = PBXBuildFile; fileRef = 380DD3322196858C000F5895 /* image_to_vector_converter.cpp */; };
/* End PBXBuildFile section */

/* Begin PBXCopyFilesBuildPhase section */
		380DD317219671BF000F5895 /* CopyFiles */ = {
			isa = PBXCopyFilesBuildPhase;
			buildActionMask = 2147483647;
			dstPath = /usr/share/man/man1/;
			dstSubfolderSpec = 0;
			files = (
			);
			runOnlyForDeploymentPostprocessing = 1;
		};
/* End PBXCopyFilesBuildPhase section */

/* Begin PBXFileReference section */
		380DD319219671BF000F5895 /* FeatureExtraction */ = {isa = PBXFileReference; explicitFileType = "compiled.mach-o.executable"; includeInIndex = 0; path = FeatureExtraction; sourceTree = BUILT_PRODUCTS_DIR; };
		380DD31C219671BF000F5895 /* main.cpp */ = {isa = PBXFileReference; lastKnownFileType = sourcecode.cpp.cpp; path = main.cpp; sourceTree = "<group>"; };
		380DD3262196751A000F5895 /* label_manager.cpp */ = {isa = PBXFileReference; lastKnownFileType = sourcecode.cpp.cpp; path = label_manager.cpp; sourceTree = "<group>"; };
		380DD3272196751A000F5895 /* label_manager.hpp */ = {isa = PBXFileReference; lastKnownFileType = sourcecode.cpp.h; path = label_manager.hpp; sourceTree = "<group>"; };
		380DD32921967901000F5895 /* k_nearest.cpp */ = {isa = PBXFileReference; lastKnownFileType = sourcecode.cpp.cpp; path = k_nearest.cpp; sourceTree = "<group>"; };
		380DD32A21967901000F5895 /* k_nearest.hpp */ = {isa = PBXFileReference; lastKnownFileType = sourcecode.cpp.h; path = k_nearest.hpp; sourceTree = "<group>"; };
		380DD32C219680B9000F5895 /* file_manipulator.cpp */ = {isa = PBXFileReference; lastKnownFileType = sourcecode.cpp.cpp; path = file_manipulator.cpp; sourceTree = "<group>"; };
		380DD32D219680B9000F5895 /* file_manipulator.hpp */ = {isa = PBXFileReference; lastKnownFileType = sourcecode.cpp.h; path = file_manipulator.hpp; sourceTree = "<group>"; };
		380DD32F2196847A000F5895 /* average_calculator.cpp */ = {isa = PBXFileReference; lastKnownFileType = sourcecode.cpp.cpp; path = average_calculator.cpp; sourceTree = "<group>"; };
		380DD3302196847A000F5895 /* average_calculator.hpp */ = {isa = PBXFileReference; lastKnownFileType = sourcecode.cpp.h; path = average_calculator.hpp; sourceTree = "<group>"; };
		380DD3322196858C000F5895 /* image_to_vector_converter.cpp */ = {isa = PBXFileReference; lastKnownFileType = sourcecode.cpp.cpp; path = image_to_vector_converter.cpp; sourceTree = "<group>"; };
		380DD3332196858C000F5895 /* image_to_vector_converter.hpp */ = {isa = PBXFileReference; lastKnownFileType = sourcecode.cpp.h; path = image_to_vector_converter.hpp; sourceTree = "<group>"; };
		380DD33521968A8F000F5895 /* emnist-byclass-train-images-idx3-ubyte */ = {isa = PBXFileReference; lastKnownFileType = file; path = "emnist-byclass-train-images-idx3-ubyte"; sourceTree = "<group>"; };
		380DD33621968A8F000F5895 /* emnist-byclass-train-labels-idx1-ubyte */ = {isa = PBXFileReference; lastKnownFileType = file; path = "emnist-byclass-train-labels-idx1-ubyte"; sourceTree = "<group>"; };
		380DD337219751E6000F5895 /* emnist-byclass-test-images-idx3-ubyte */ = {isa = PBXFileReference; lastKnownFileType = file; path = "emnist-byclass-test-images-idx3-ubyte"; sourceTree = "<group>"; };
		380DD338219751E6000F5895 /* emnist-byclass-test-labels-idx1-ubyte */ = {isa = PBXFileReference; lastKnownFileType = file; path = "emnist-byclass-test-labels-idx1-ubyte"; sourceTree = "<group>"; };
/* End PBXFileReference section */

/* Begin PBXFrameworksBuildPhase section */
		380DD316219671BF000F5895 /* Frameworks */ = {
			isa = PBXFrameworksBuildPhase;
			buildActionMask = 2147483647;
			files = (
			);
			runOnlyForDeploymentPostprocessing = 0;
		};
/* End PBXFrameworksBuildPhase section */

/* Begin PBXGroup section */
		380DD310219671BF000F5895 = {
			isa = PBXGroup;
			children = (
				380DD33A21975245000F5895 /* Data */,
				380DD31B219671BF000F5895 /* FeatureExtraction */,
				380DD31A219671BF000F5895 /* Products */,
			);
			sourceTree = "<group>";
		};
		380DD31A219671BF000F5895 /* Products */ = {
			isa = PBXGroup;
			children = (
				380DD319219671BF000F5895 /* FeatureExtraction */,
			);
			name = Products;
			sourceTree = "<group>";
		};
		380DD31B219671BF000F5895 /* FeatureExtraction */ = {
			isa = PBXGroup;
			children = (
				380DD31C219671BF000F5895 /* main.cpp */,
				380DD3262196751A000F5895 /* label_manager.cpp */,
				380DD3272196751A000F5895 /* label_manager.hpp */,
				380DD32921967901000F5895 /* k_nearest.cpp */,
				380DD32A21967901000F5895 /* k_nearest.hpp */,
				380DD32C219680B9000F5895 /* file_manipulator.cpp */,
				380DD32D219680B9000F5895 /* file_manipulator.hpp */,
				380DD32F2196847A000F5895 /* average_calculator.cpp */,
				380DD3302196847A000F5895 /* average_calculator.hpp */,
				380DD3322196858C000F5895 /* image_to_vector_converter.cpp */,
				380DD3332196858C000F5895 /* image_to_vector_converter.hpp */,
			);
			path = FeatureExtraction;
			sourceTree = "<group>";
		};
		380DD33A21975245000F5895 /* Data */ = {
			isa = PBXGroup;
			children = (
				380DD33521968A8F000F5895 /* emnist-byclass-train-images-idx3-ubyte */,
				380DD33621968A8F000F5895 /* emnist-byclass-train-labels-idx1-ubyte */,
				380DD337219751E6000F5895 /* emnist-byclass-test-images-idx3-ubyte */,
				380DD338219751E6000F5895 /* emnist-byclass-test-labels-idx1-ubyte */,
			);
			path = Data;
			sourceTree = "<group>";
		};
/* End PBXGroup section */

/* Begin PBXNativeTarget section */
		380DD318219671BF000F5895 /* FeatureExtraction */ = {
			isa = PBXNativeTarget;
			buildConfigurationList = 380DD320219671BF000F5895 /* Build configuration list for PBXNativeTarget "FeatureExtraction" */;
			buildPhases = (
				380DD315219671BF000F5895 /* Sources */,
				380DD316219671BF000F5895 /* Frameworks */,
				380DD317219671BF000F5895 /* CopyFiles */,
			);
			buildRules = (
			);
			dependencies = (
			);
			name = FeatureExtraction;
			productName = FeatureExtraction;
			productReference = 380DD319219671BF000F5895 /* FeatureExtraction */;
			productType = "com.apple.product-type.tool";
		};
/* End PBXNativeTarget section */

/* Begin PBXProject section */
		380DD311219671BF000F5895 /* Project object */ = {
			isa = PBXProject;
			attributes = {
				LastUpgradeCheck = 1010;
				ORGANIZATIONNAME = "Alvaro Tolosa";
				TargetAttributes = {
					380DD318219671BF000F5895 = {
						CreatedOnToolsVersion = 10.1;
					};
				};
			};
			buildConfigurationList = 380DD314219671BF000F5895 /* Build configuration list for PBXProject "FeatureExtraction" */;
			compatibilityVersion = "Xcode 9.3";
			developmentRegion = en;
			hasScannedForEncodings = 0;
			knownRegions = (
				en,
			);
			mainGroup = 380DD310219671BF000F5895;
			productRefGroup = 380DD31A219671BF000F5895 /* Products */;
			projectDirPath = "";
			projectRoot = "";
			targets = (
				380DD318219671BF000F5895 /* FeatureExtraction */,
			);
		};
/* End PBXProject section */

/* Begin PBXSourcesBuildPhase section */
		380DD315219671BF000F5895 /* Sources */ = {
			isa = PBXSourcesBuildPhase;
			buildActionMask = 2147483647;
			files = (
				380DD3342196858C000F5895 /* image_to_vector_converter.cpp in Sources */,
				380DD32E219680B9000F5895 /* file_manipulator.cpp in Sources */,
				380DD3282196751A000F5895 /* label_manager.cpp in Sources */,
				380DD3312196847A000F5895 /* average_calculator.cpp in Sources */,
				380DD32B21967901000F5895 /* k_nearest.cpp in Sources */,
				380DD31D219671BF000F5895 /* main.cpp in Sources */,
			);
			runOnlyForDeploymentPostprocessing = 0;
		};
/* End PBXSourcesBuildPhase section */

/* Begin XCBuildConfiguration section */
		380DD31E219671BF000F5895 /* Debug */ = {
			isa = XCBuildConfiguration;
			buildSettings = {
				ALWAYS_SEARCH_USER_PATHS = NO;
				CLANG_ANALYZER_NONNULL = YES;
				CLANG_ANALYZER_NUMBER_OBJECT_CONVERSION = YES_AGGRESSIVE;
				CLANG_CXX_LANGUAGE_STANDARD = "gnu++14";
				CLANG_CXX_LIBRARY = "libc++";
				CLANG_ENABLE_MODULES = YES;
				CLANG_ENABLE_OBJC_ARC = YES;
				CLANG_ENABLE_OBJC_WEAK = YES;
				CLANG_WARN_BLOCK_CAPTURE_AUTORELEASING = YES;
				CLANG_WARN_BOOL_CONVERSION = YES;
				CLANG_WARN_COMMA = YES;
				CLANG_WARN_CONSTANT_CONVERSION = YES;
				CLANG_WARN_DEPRECATED_OBJC_IMPLEMENTATIONS = YES;
				CLANG_WARN_DIRECT_OBJC_ISA_USAGE = YES_ERROR;
				CLANG_WARN_DOCUMENTATION_COMMENTS = YES;
				CLANG_WARN_EMPTY_BODY = YES;
				CLANG_WARN_ENUM_CONVERSION = YES;
				CLANG_WARN_INFINITE_RECURSION = YES;
				CLANG_WARN_INT_CONVERSION = YES;
				CLANG_WARN_NON_LITERAL_NULL_CONVERSION = YES;
				CLANG_WARN_OBJC_IMPLICIT_RETAIN_SELF = YES;
				CLANG_WARN_OBJC_LITERAL_CONVERSION = YES;
				CLANG_WARN_OBJC_ROOT_CLASS = YES_ERROR;
				CLANG_WARN_RANGE_LOOP_ANALYSIS = YES;
				CLANG_WARN_STRICT_PROTOTYPES = YES;
				CLANG_WARN_SUSPICIOUS_MOVE = YES;
				CLANG_WARN_UNGUARDED_AVAILABILITY = YES_AGGRESSIVE;
				CLANG_WARN_UNREACHABLE_CODE = YES;
				CLANG_WARN__DUPLICATE_METHOD_MATCH = YES;
				CODE_SIGN_IDENTITY = "Mac Developer";
				COPY_PHASE_STRIP = NO;
				DEBUG_INFORMATION_FORMAT = dwarf;
				ENABLE_STRICT_OBJC_MSGSEND = YES;
				ENABLE_TESTABILITY = YES;
				GCC_C_LANGUAGE_STANDARD = gnu11;
				GCC_DYNAMIC_NO_PIC = NO;
				GCC_NO_COMMON_BLOCKS = YES;
				GCC_OPTIMIZATION_LEVEL = 0;
				GCC_PREPROCESSOR_DEFINITIONS = (
					"DEBUG=1",
					"$(inherited)",
				);
				GCC_WARN_64_TO_32_BIT_CONVERSION = YES;
				GCC_WARN_ABOUT_RETURN_TYPE = YES_ERROR;
				GCC_WARN_UNDECLARED_SELECTOR = YES;
				GCC_WARN_UNINITIALIZED_AUTOS = YES_AGGRESSIVE;
				GCC_WARN_UNUSED_FUNCTION = YES;
				GCC_WARN_UNUSED_VARIABLE = YES;
				MACOSX_DEPLOYMENT_TARGET = 10.14;
				MTL_ENABLE_DEBUG_INFO = INCLUDE_SOURCE;
				MTL_FAST_MATH = YES;
				ONLY_ACTIVE_ARCH = YES;
				SDKROOT = macosx;
			};
			name = Debug;
		};
		380DD31F219671BF000F5895 /* Release */ = {
			isa = XCBuildConfiguration;
			buildSettings = {
				ALWAYS_SEARCH_USER_PATHS = NO;
				CLANG_ANALYZER_NONNULL = YES;
				CLANG_ANALYZER_NUMBER_OBJECT_CONVERSION = YES_AGGRESSIVE;
				CLANG_CXX_LANGUAGE_STANDARD = "gnu++14";
				CLANG_CXX_LIBRARY = "libc++";
				CLANG_ENABLE_MODULES = YES;
				CLANG_ENABLE_OBJC_ARC = YES;
				CLANG_ENABLE_OBJC_WEAK = YES;
				CLANG_WARN_BLOCK_CAPTURE_AUTORELEASING = YES;
				CLANG_WARN_BOOL_CONVERSION = YES;
				CLANG_WARN_COMMA = YES;
				CLANG_WARN_CONSTANT_CONVERSION = YES;
				CLANG_WARN_DEPRECATED_OBJC_IMPLEMENTATIONS = YES;
				CLANG_WARN_DIRECT_OBJC_ISA_USAGE = YES_ERROR;
				CLANG_WARN_DOCUMENTATION_COMMENTS = YES;
				CLANG_WARN_EMPTY_BODY = YES;
				CLANG_WARN_ENUM_CONVERSION = YES;
				CLANG_WARN_INFINITE_RECURSION = YES;
				CLANG_WARN_INT_CONVERSION = YES;
				CLANG_WARN_NON_LITERAL_NULL_CONVERSION = YES;
				CLANG_WARN_OBJC_IMPLICIT_RETAIN_SELF = YES;
				CLANG_WARN_OBJC_LITERAL_CONVERSION = YES;
				CLANG_WARN_OBJC_ROOT_CLASS = YES_ERROR;
				CLANG_WARN_RANGE_LOOP_ANALYSIS = YES;
				CLANG_WARN_STRICT_PROTOTYPES = YES;
				CLANG_WARN_SUSPICIOUS_MOVE = YES;
				CLANG_WARN_UNGUARDED_AVAILABILITY = YES_AGGRESSIVE;
				CLANG_WARN_UNREACHABLE_CODE = YES;
				CLANG_WARN__DUPLICATE_METHOD_MATCH = YES;
				CODE_SIGN_IDENTITY = "Mac Developer";
				COPY_PHASE_STRIP = NO;
				DEBUG_INFORMATION_FORMAT = "dwarf-with-dsym";
				ENABLE_NS_ASSERTIONS = NO;
				ENABLE_STRICT_OBJC_MSGSEND = YES;
				GCC_C_LANGUAGE_STANDARD = gnu11;
				GCC_NO_COMMON_BLOCKS = YES;
				GCC_WARN_64_TO_32_BIT_CONVERSION = YES;
				GCC_WARN_ABOUT_RETURN_TYPE = YES_ERROR;
				GCC_WARN_UNDECLARED_SELECTOR = YES;
				GCC_WARN_UNINITIALIZED_AUTOS = YES_AGGRESSIVE;
				GCC_WARN_UNUSED_FUNCTION = YES;
				GCC_WARN_UNUSED_VARIABLE = YES;
				MACOSX_DEPLOYMENT_TARGET = 10.14;
				MTL_ENABLE_DEBUG_INFO = NO;
				MTL_FAST_MATH = YES;
				SDKROOT = macosx;
			};
			name = Release;
		};
		380DD321219671BF000F5895 /* Debug */ = {
			isa = XCBuildConfiguration;
			buildSettings = {
				CLANG_CXX_LANGUAGE_STANDARD = "gnu++14";
				CODE_SIGN_STYLE = Automatic;
				DEVELOPMENT_TEAM = LAED64WZKR;
				HEADER_SEARCH_PATHS = /usr/local/include;
				LIBRARY_SEARCH_PATHS = /usr/local/lib;
				MACOSX_DEPLOYMENT_TARGET = 10.12;
				OTHER_LDFLAGS = (
					"-lopencv_calib3d",
					"-lopencv_core",
					"-lopencv_features2d",
					"-lopencv_flann",
					"-lopencv_highgui",
					"-lopencv_imgcodecs",
					"-lopencv_imgproc",
					"-lopencv_ml",
					"-lopencv_objdetect",
					"-lopencv_photo",
					"-lopencv_shape",
					"-lopencv_stitching",
					"-lopencv_superres",
					"-lopencv_video",
					"-lopencv_videoio",
					"-lopencv_videostab",
				);
				PRODUCT_NAME = "$(TARGET_NAME)";
			};
			name = Debug;
		};
		380DD322219671BF000F5895 /* Release */ = {
			isa = XCBuildConfiguration;
			buildSettings = {
				CLANG_CXX_LANGUAGE_STANDARD = "gnu++14";
				CODE_SIGN_STYLE = Automatic;
				DEVELOPMENT_TEAM = LAED64WZKR;
				HEADER_SEARCH_PATHS = /usr/local/include;
				LIBRARY_SEARCH_PATHS = /usr/local/lib;
				MACOSX_DEPLOYMENT_TARGET = 10.12;
				OTHER_LDFLAGS = (
					"-lopencv_calib3d",
					"-lopencv_core",
					"-lopencv_features2d",
					"-lopencv_flann",
					"-lopencv_highgui",
					"-lopencv_imgcodecs",
					"-lopencv_imgproc",
					"-lopencv_ml",
					"-lopencv_objdetect",
					"-lopencv_photo",
					"-lopencv_shape",
					"-lopencv_stitching",
					"-lopencv_superres",
					"-lopencv_video",
					"-lopencv_videoio",
					"-lopencv_videostab",
				);
				PRODUCT_NAME = "$(TARGET_NAME)";
			};
			name = Release;
		};
/* End XCBuildConfiguration section */

/* Begin XCConfigurationList section */
		380DD314219671BF000F5895 /* Build configuration list for PBXProject "FeatureExtraction" */ = {
			isa = XCConfigurationList;
			buildConfigurations = (
				380DD31E219671BF000F5895 /* Debug */,
				380DD31F219671BF000F5895 /* Release */,
			);
			defaultConfigurationIsVisible = 0;
			defaultConfigurationName = Release;
		};
		380DD320219671BF000F5895 /* Build configuration list for PBXNativeTarget "FeatureExtraction" */ = {
			isa = XCConfigurationList;
			buildConfigurations = (
				380DD321219671BF000F5895 /* Debug */,
				380DD322219671BF000F5895 /* Release */,
			);
			defaultConfigurationIsVisible = 0;
			defaultConfigurationName = Release;
		};
/* End XCConfigurationList section */
	};
	rootObject = 380DD311219671BF000F5895 /* Project object */;
}
